{
  "name": "myscroll",
  "version": "1.0.0",
  "lockfileVersion": 1,
  "requires": true,
  "dependencies": {
    "lodash.sortby": {
      "version": "4.7.0",
      "resolved": "https://registry.npmjs.org/lodash.sortby/-/lodash.sortby-4.7.0.tgz",
      "integrity": "sha1-7dFMgk4sycHgsKG0K7UhBRakJDg="
    },
    "punycode": {
      "version": "2.1.0",
      "resolved": "https://registry.npmjs.org/punycode/-/punycode-2.1.0.tgz",
      "integrity": "sha1-X4Y+3Im5bbCQdLrXlHvwkFbKTn0="
    },
    "scrollreveal": {
      "version": "3.4.0",
      "resolved": "https://registry.npmjs.org/scrollreveal/-/scrollreveal-3.4.0.tgz",
      "integrity": "sha512-clyIvaRqSsuU8kn3kg/7JhBdLfw9knUccUbyoZCqtSDb870XOqT58CKpS9IMnqw8AwFvHiFVfyhU9XP/GpiY5w=="
    },
    "tr46": {
      "version": "1.0.1",
      "resolved": "https://registry.npmjs.org/tr46/-/tr46-1.0.1.tgz",
      "integrity": "sha1-qLE/1r/SSJUZZ0zN5VujaTtwbQk=",
      "requires": {
        "punycode": "2.1.0"
      }
    },
    "unpkg": {
      "version": "0.2.0",
      "resolved": "https://registry.npmjs.org/unpkg/-/unpkg-0.2.0.tgz",
      "integrity": "sha512-Z/VjA9vY9VRzgI4egRRtgRXVtDD8+uNHDYdZvdsyj7wHpimb9oNt5wHlwogBdeAByaVgPc/aChPfmWJ9VfJ64g==",
      "requires": {
        "whatwg-url": "6.4.0"
      }
    },
    "webidl-conversions": {
      "version": "4.0.2",
      "resolved": "https://registry.npmjs.org/webidl-conversions/-/webidl-conversions-4.0.2.tgz",
      "integrity": "sha512-YQ+BmxuTgd6UXZW3+ICGfyqRyHXVlD5GtQr5+qjiNW7bF0cqrzX500HVXPBOvgXb5YnzDd+h0zqyv61KUD7+Sg=="
    },
    "whatwg-url": {
      "version": "6.4.0",
      "resolved": "https://registry.npmjs.org/whatwg-url/-/whatwg-url-6.4.0.tgz",
      "integrity": "sha512-Z0CVh/YE217Foyb488eo+iBv+r7eAQ0wSTyApi9n06jhcA3z6Nidg/EGvl0UFkg7kMdKxfBzzr+o9JF+cevgMg==",
      "requires": {
        "lodash.sortby": "4.7.0",
        "tr46": "1.0.1",
        "webidl-conversions": "4.0.2"
      }
    }
  }
}
